// !$*UTF8*$!
{
	archiveVersion = 1;
	classes = {
	};
	objectVersion = 50;
	objects = {

/* Begin PBXBuildFile section */
		4595B7852467E2B000B93DFE /* AppDelegate.swift in Sources */ = {isa = PBXBuildFile; fileRef = 4595B7842467E2B000B93DFE /* AppDelegate.swift */; };
		4595B7872467E2B000B93DFE /* SceneDelegate.swift in Sources */ = {isa = PBXBuildFile; fileRef = 4595B7862467E2B000B93DFE /* SceneDelegate.swift */; };
		4595B78E2467E2B400B93DFE /* Assets.xcassets in Resources */ = {isa = PBXBuildFile; fileRef = 4595B78D2467E2B400B93DFE /* Assets.xcassets */; };
		4595B7912467E2B400B93DFE /* LaunchScreen.storyboard in Resources */ = {isa = PBXBuildFile; fileRef = 4595B78F2467E2B400B93DFE /* LaunchScreen.storyboard */; };
		4595B7992467EAE700B93DFE /* SearchVC.swift in Sources */ = {isa = PBXBuildFile; fileRef = 4595B7982467EAE700B93DFE /* SearchVC.swift */; };
		4595B79B2467EB0A00B93DFE /* FavoritesListVC.swift in Sources */ = {isa = PBXBuildFile; fileRef = 4595B79A2467EB0A00B93DFE /* FavoritesListVC.swift */; };
		4595B79D2467F4BC00B93DFE /* GFButton.swift in Sources */ = {isa = PBXBuildFile; fileRef = 4595B79C2467F4BC00B93DFE /* GFButton.swift */; };
		4595B79F2467FABB00B93DFE /* GFTextField.swift in Sources */ = {isa = PBXBuildFile; fileRef = 4595B79E2467FABB00B93DFE /* GFTextField.swift */; };
/* End PBXBuildFile section */

/* Begin PBXFileReference section */
		4595B7812467E2B000B93DFE /* SeanAllenGHPractice.app */ = {isa = PBXFileReference; explicitFileType = wrapper.application; includeInIndex = 0; path = SeanAllenGHPractice.app; sourceTree = BUILT_PRODUCTS_DIR; };
		4595B7842467E2B000B93DFE /* AppDelegate.swift */ = {isa = PBXFileReference; lastKnownFileType = sourcecode.swift; path = AppDelegate.swift; sourceTree = "<group>"; };
		4595B7862467E2B000B93DFE /* SceneDelegate.swift */ = {isa = PBXFileReference; lastKnownFileType = sourcecode.swift; path = SceneDelegate.swift; sourceTree = "<group>"; };
		4595B78D2467E2B400B93DFE /* Assets.xcassets */ = {isa = PBXFileReference; lastKnownFileType = folder.assetcatalog; path = Assets.xcassets; sourceTree = "<group>"; };
		4595B7902467E2B400B93DFE /* Base */ = {isa = PBXFileReference; lastKnownFileType = file.storyboard; name = Base; path = Base.lproj/LaunchScreen.storyboard; sourceTree = "<group>"; };
		4595B7922467E2B400B93DFE /* Info.plist */ = {isa = PBXFileReference; lastKnownFileType = text.plist.xml; path = Info.plist; sourceTree = "<group>"; };
		4595B7982467EAE700B93DFE /* SearchVC.swift */ = {isa = PBXFileReference; lastKnownFileType = sourcecode.swift; path = SearchVC.swift; sourceTree = "<group>"; };
		4595B79A2467EB0A00B93DFE /* FavoritesListVC.swift */ = {isa = PBXFileReference; lastKnownFileType = sourcecode.swift; path = FavoritesListVC.swift; sourceTree = "<group>"; };
		4595B79C2467F4BC00B93DFE /* GFButton.swift */ = {isa = PBXFileReference; lastKnownFileType = sourcecode.swift; path = GFButton.swift; sourceTree = "<group>"; };
		4595B79E2467FABB00B93DFE /* GFTextField.swift */ = {isa = PBXFileReference; lastKnownFileType = sourcecode.swift; path = GFTextField.swift; sourceTree = "<group>"; };
/* End PBXFileReference section */

/* Begin PBXFrameworksBuildPhase section */
		4595B77E2467E2B000B93DFE /* Frameworks */ = {
			isa = PBXFrameworksBuildPhase;
			buildActionMask = 2147483647;
			files = (
			);
			runOnlyForDeploymentPostprocessing = 0;
		};
/* End PBXFrameworksBuildPhase section */

/* Begin PBXGroup section */
		4595B7782467E2B000B93DFE = {
			isa = PBXGroup;
			children = (
				4595B7832467E2B000B93DFE /* SeanAllenGHPractice */,
				4595B7822467E2B000B93DFE /* Products */,
			);
			sourceTree = "<group>";
		};
		4595B7822467E2B000B93DFE /* Products */ = {
			isa = PBXGroup;
			children = (
				4595B7812467E2B000B93DFE /* SeanAllenGHPractice.app */,
			);
			name = Products;
			sourceTree = "<group>";
		};
		4595B7832467E2B000B93DFE /* SeanAllenGHPractice */ = {
			isa = PBXGroup;
			children = (
				4595B7842467E2B000B93DFE /* AppDelegate.swift */,
				4595B7862467E2B000B93DFE /* SceneDelegate.swift */,
				4595B78D2467E2B400B93DFE /* Assets.xcassets */,
				4595B78F2467E2B400B93DFE /* LaunchScreen.storyboard */,
				4595B7922467E2B400B93DFE /* Info.plist */,
				4595B7982467EAE700B93DFE /* SearchVC.swift */,
				4595B79A2467EB0A00B93DFE /* FavoritesListVC.swift */,
				4595B79C2467F4BC00B93DFE /* GFButton.swift */,
				4595B79E2467FABB00B93DFE /* GFTextField.swift */,
			);
			path = SeanAllenGHPractice;
			sourceTree = "<group>";
		};
/* End PBXGroup section */

/* Begin PBXNativeTarget section */
		4595B7802467E2B000B93DFE /* SeanAllenGHPractice */ = {
			isa = PBXNativeTarget;
			buildConfigurationList = 4595B7952467E2B400B93DFE /* Build configuration list for PBXNativeTarget "SeanAllenGHPractice" */;
			buildPhases = (
				4595B77D2467E2B000B93DFE /* Sources */,
				4595B77E2467E2B000B93DFE /* Frameworks */,
				4595B77F2467E2B000B93DFE /* Resources */,
			);
			buildRules = (
			);
			dependencies = (
			);
			name = SeanAllenGHPractice;
			productName = SeanAllenGHPractice;
			productReference = 4595B7812467E2B000B93DFE /* SeanAllenGHPractice.app */;
			productType = "com.apple.product-type.application";
		};
/* End PBXNativeTarget section */

/* Begin PBXProject section */
		4595B7792467E2B000B93DFE /* Project object */ = {
			isa = PBXProject;
			attributes = {
				LastSwiftUpdateCheck = 1140;
				LastUpgradeCheck = 1140;
				ORGANIZATIONNAME = "Laurent B";
				TargetAttributes = {
					4595B7802467E2B000B93DFE = {
						CreatedOnToolsVersion = 11.4.1;
					};
				};
			};
			buildConfigurationList = 4595B77C2467E2B000B93DFE /* Build configuration list for PBXProject "SeanAllenGHPractice" */;
			compatibilityVersion = "Xcode 9.3";
			developmentRegion = en;
			hasScannedForEncodings = 0;
			knownRegions = (
				en,
				Base,
			);
			mainGroup = 4595B7782467E2B000B93DFE;
			productRefGroup = 4595B7822467E2B000B93DFE /* Products */;
			projectDirPath = "";
			projectRoot = "";
			targets = (
				4595B7802467E2B000B93DFE /* SeanAllenGHPractice */,
			);
		};
/* End PBXProject section */

/* Begin PBXResourcesBuildPhase section */
		4595B77F2467E2B000B93DFE /* Resources */ = {
			isa = PBXResourcesBuildPhase;
			buildActionMask = 2147483647;
			files = (
				4595B7912467E2B400B93DFE /* LaunchScreen.storyboard in Resources */,
				4595B78E2467E2B400B93DFE /* Assets.xcassets in Resources */,
			);
			runOnlyForDeploymentPostprocessing = 0;
		};
/* End PBXResourcesBuildPhase section */

/* Begin PBXSourcesBuildPhase section */
		4595B77D2467E2B000B93DFE /* Sources */ = {
			isa = PBXSourcesBuildPhase;
			buildActionMask = 2147483647;
			files = (
				4595B7992467EAE700B93DFE /* SearchVC.swift in Sources */,
				4595B79D2467F4BC00B93DFE /* GFButton.swift in Sources */,
				4595B79B2467EB0A00B93DFE /* FavoritesListVC.swift in Sources */,
				4595B7852467E2B000B93DFE /* AppDelegate.swift in Sources */,
				4595B7872467E2B000B93DFE /* SceneDelegate.swift in Sources */,
				4595B79F2467FABB00B93DFE /* GFTextField.swift in Sources */,
			);
			runOnlyForDeploymentPostprocessing = 0;
		};
/* End PBXSourcesBuildPhase section */

/* Begin PBXVariantGroup section */
		4595B78F2467E2B400B93DFE /* LaunchScreen.storyboard */ = {
			isa = PBXVariantGroup;
			children = (
				4595B7902467E2B400B93DFE /* Base */,
			);
			name = LaunchScreen.storyboard;
			sourceTree = "<group>";
		};
/* End PBXVariantGroup section */

/* Begin XCBuildConfiguration section */
		4595B7932467E2B400B93DFE /* Debug */ = {
			isa = XCBuildConfiguration;
			buildSettings = {
				ALWAYS_SEARCH_USER_PATHS = NO;
				CLANG_ANALYZER_NONNULL = YES;
				CLANG_ANALYZER_NUMBER_OBJECT_CONVERSION = YES_AGGRESSIVE;
				CLANG_CXX_LANGUAGE_STANDARD = "gnu++14";
				CLANG_CXX_LIBRARY = "libc++";
				CLANG_ENABLE_MODULES = YES;
				CLANG_ENABLE_OBJC_ARC = YES;
				CLANG_ENABLE_OBJC_WEAK = YES;
				CLANG_WARN_BLOCK_CAPTURE_AUTORELEASING = YES;
				CLANG_WARN_BOOL_CONVERSION = YES;
				CLANG_WARN_COMMA = YES;
				CLANG_WARN_CONSTANT_CONVERSION = YES;
				CLANG_WARN_DEPRECATED_OBJC_IMPLEMENTATIONS = YES;
				CLANG_WARN_DIRECT_OBJC_ISA_USAGE = YES_ERROR;
				CLANG_WARN_DOCUMENTATION_COMMENTS = YES;
				CLANG_WARN_EMPTY_BODY = YES;
				CLANG_WARN_ENUM_CONVERSION = YES;
				CLANG_WARN_INFINITE_RECURSION = YES;
				CLANG_WARN_INT_CONVERSION = YES;
				CLANG_WARN_NON_LITERAL_NULL_CONVERSION = YES;
				CLANG_WARN_OBJC_IMPLICIT_RETAIN_SELF = YES;
				CLANG_WARN_OBJC_LITERAL_CONVERSION = YES;
				CLANG_WARN_OBJC_ROOT_CLASS = YES_ERROR;
				CLANG_WARN_RANGE_LOOP_ANALYSIS = YES;
				CLANG_WARN_STRICT_PROTOTYPES = YES;
				CLANG_WARN_SUSPICIOUS_MOVE = YES;
				CLANG_WARN_UNGUARDED_AVAILABILITY = YES_AGGRESSIVE;
				CLANG_WARN_UNREACHABLE_CODE = YES;
				CLANG_WARN__DUPLICATE_METHOD_MATCH = YES;
				COPY_PHASE_STRIP = NO;
				DEBUG_INFORMATION_FORMAT = dwarf;
				ENABLE_STRICT_OBJC_MSGSEND = YES;
				ENABLE_TESTABILITY = YES;
				GCC_C_LANGUAGE_STANDARD = gnu11;
				GCC_DYNAMIC_NO_PIC = NO;
				GCC_NO_COMMON_BLOCKS = YES;
				GCC_OPTIMIZATION_LEVEL = 0;
				GCC_PREPROCESSOR_DEFINITIONS = (
					"DEBUG=1",
					"$(inherited)",
				);
				GCC_WARN_64_TO_32_BIT_CONVERSION = YES;
				GCC_WARN_ABOUT_RETURN_TYPE = YES_ERROR;
				GCC_WARN_UNDECLARED_SELECTOR = YES;
				GCC_WARN_UNINITIALIZED_AUTOS = YES_AGGRESSIVE;
				GCC_WARN_UNUSED_FUNCTION = YES;
				GCC_WARN_UNUSED_VARIABLE = YES;
				IPHONEOS_DEPLOYMENT_TARGET = 13.4;
				MTL_ENABLE_DEBUG_INFO = INCLUDE_SOURCE;
				MTL_FAST_MATH = YES;
				ONLY_ACTIVE_ARCH = YES;
				SDKROOT = iphoneos;
				SWIFT_ACTIVE_COMPILATION_CONDITIONS = DEBUG;
				SWIFT_OPTIMIZATION_LEVEL = "-Onone";
			};
			name = Debug;
		};
		4595B7942467E2B400B93DFE /* Release */ = {
			isa = XCBuildConfiguration;
			buildSettings = {
				ALWAYS_SEARCH_USER_PATHS = NO;
				CLANG_ANALYZER_NONNULL = YES;
				CLANG_ANALYZER_NUMBER_OBJECT_CONVERSION = YES_AGGRESSIVE;
				CLANG_CXX_LANGUAGE_STANDARD = "gnu++14";
				CLANG_CXX_LIBRARY = "libc++";
				CLANG_ENABLE_MODULES = YES;
				CLANG_ENABLE_OBJC_ARC = YES;
				CLANG_ENABLE_OBJC_WEAK = YES;
				CLANG_WARN_BLOCK_CAPTURE_AUTORELEASING = YES;
				CLANG_WARN_BOOL_CONVERSION = YES;
				CLANG_WARN_COMMA = YES;
				CLANG_WARN_CONSTANT_CONVERSION = YES;
				CLANG_WARN_DEPRECATED_OBJC_IMPLEMENTATIONS = YES;
				CLANG_WARN_DIRECT_OBJC_ISA_USAGE = YES_ERROR;
				CLANG_WARN_DOCUMENTATION_COMMENTS = YES;
				CLANG_WARN_EMPTY_BODY = YES;
				CLANG_WARN_ENUM_CONVERSION = YES;
				CLANG_WARN_INFINITE_RECURSION = YES;
				CLANG_WARN_INT_CONVERSION = YES;
				CLANG_WARN_NON_LITERAL_NULL_CONVERSION = YES;
				CLANG_WARN_OBJC_IMPLICIT_RETAIN_SELF = YES;
				CLANG_WARN_OBJC_LITERAL_CONVERSION = YES;
				CLANG_WARN_OBJC_ROOT_CLASS = YES_ERROR;
				CLANG_WARN_RANGE_LOOP_ANALYSIS = YES;
				CLANG_WARN_STRICT_PROTOTYPES = YES;
				CLANG_WARN_SUSPICIOUS_MOVE = YES;
				CLANG_WARN_UNGUARDED_AVAILABILITY = YES_AGGRESSIVE;
				CLANG_WARN_UNREACHABLE_CODE = YES;
				CLANG_WARN__DUPLICATE_METHOD_MATCH = YES;
				COPY_PHASE_STRIP = NO;
				DEBUG_INFORMATION_FORMAT = "dwarf-with-dsym";
				ENABLE_NS_ASSERTIONS = NO;
				ENABLE_STRICT_OBJC_MSGSEND = YES;
				GCC_C_LANGUAGE_STANDARD = gnu11;
				GCC_NO_COMMON_BLOCKS = YES;
				GCC_WARN_64_TO_32_BIT_CONVERSION = YES;
				GCC_WARN_ABOUT_RETURN_TYPE = YES_ERROR;
				GCC_WARN_UNDECLARED_SELECTOR = YES;
				GCC_WARN_UNINITIALIZED_AUTOS = YES_AGGRESSIVE;
				GCC_WARN_UNUSED_FUNCTION = YES;
				GCC_WARN_UNUSED_VARIABLE = YES;
				IPHONEOS_DEPLOYMENT_TARGET = 13.4;
				MTL_ENABLE_DEBUG_INFO = NO;
				MTL_FAST_MATH = YES;
				SDKROOT = iphoneos;
				SWIFT_COMPILATION_MODE = wholemodule;
				SWIFT_OPTIMIZATION_LEVEL = "-O";
				VALIDATE_PRODUCT = YES;
			};
			name = Release;
		};
		4595B7962467E2B400B93DFE /* Debug */ = {
			isa = XCBuildConfiguration;
			buildSettings = {
				ASSETCATALOG_COMPILER_APPICON_NAME = AppIcon;
				CODE_SIGN_STYLE = Automatic;
				DEVELOPMENT_TEAM = GGXD5E6AF8;
				INFOPLIST_FILE = SeanAllenGHPractice/Info.plist;
				LD_RUNPATH_SEARCH_PATHS = (
					"$(inherited)",
					"@executable_path/Frameworks",
				);
				PRODUCT_BUNDLE_IDENTIFIER = com.laurentb.SeanAllenGHPractice;
				PRODUCT_NAME = "$(TARGET_NAME)";
				SWIFT_VERSION = 5.0;
				TARGETED_DEVICE_FAMILY = "1,2";
			};
			name = Debug;
		};
		4595B7972467E2B400B93DFE /* Release */ = {
			isa = XCBuildConfiguration;
			buildSettings = {
				ASSETCATALOG_COMPILER_APPICON_NAME = AppIcon;
				CODE_SIGN_STYLE = Automatic;
				DEVELOPMENT_TEAM = GGXD5E6AF8;
				INFOPLIST_FILE = SeanAllenGHPractice/Info.plist;
				LD_RUNPATH_SEARCH_PATHS = (
					"$(inherited)",
					"@executable_path/Frameworks",
				);
				PRODUCT_BUNDLE_IDENTIFIER = com.laurentb.SeanAllenGHPractice;
				PRODUCT_NAME = "$(TARGET_NAME)";
				SWIFT_VERSION = 5.0;
				TARGETED_DEVICE_FAMILY = "1,2";
			};
			name = Release;
		};
/* End XCBuildConfiguration section */

/* Begin XCConfigurationList section */
		4595B77C2467E2B000B93DFE /* Build configuration list for PBXProject "SeanAllenGHPractice" */ = {
			isa = XCConfigurationList;
			buildConfigurations = (
				4595B7932467E2B400B93DFE /* Debug */,
				4595B7942467E2B400B93DFE /* Release */,
			);
			defaultConfigurationIsVisible = 0;
			defaultConfigurationName = Release;
		};
		4595B7952467E2B400B93DFE /* Build configuration list for PBXNativeTarget "SeanAllenGHPractice" */ = {
			isa = XCConfigurationList;
			buildConfigurations = (
				4595B7962467E2B400B93DFE /* Debug */,
				4595B7972467E2B400B93DFE /* Release */,
			);
			defaultConfigurationIsVisible = 0;
			defaultConfigurationName = Release;
		};
/* End XCConfigurationList section */
	};
	rootObject = 4595B7792467E2B000B93DFE /* Project object */;
}
