// !$*UTF8*$!
{
	archiveVersion = 1;
	classes = {
	};
	objectVersion = 50;
	objects = {

/* Begin PBXBuildFile section */
		453E1C87246AA3B900D06B6E /* GFError.swift in Sources */ = {isa = PBXBuildFile; fileRef = 453E1C86246AA3B900D06B6E /* GFError.swift */; };
		453E1C89246AAB8D00D06B6E /* GFUserInfoHeaderVC.swift in Sources */ = {isa = PBXBuildFile; fileRef = 453E1C88246AAB8D00D06B6E /* GFUserInfoHeaderVC.swift */; };
		453E1C8B246AABF700D06B6E /* GFSecondaryTitleLabel.swift in Sources */ = {isa = PBXBuildFile; fileRef = 453E1C8A246AABF700D06B6E /* GFSecondaryTitleLabel.swift */; };
		453E1C8D246AC0A800D06B6E /* Constants.swift in Sources */ = {isa = PBXBuildFile; fileRef = 453E1C8C246AC0A800D06B6E /* Constants.swift */; };
		453E1C91246ACE1C00D06B6E /* GFItemInfoView.swift in Sources */ = {isa = PBXBuildFile; fileRef = 453E1C90246ACE1C00D06B6E /* GFItemInfoView.swift */; };
		453E1C93246AD7B600D06B6E /* GFItemInfoVC.swift in Sources */ = {isa = PBXBuildFile; fileRef = 453E1C92246AD7B600D06B6E /* GFItemInfoVC.swift */; };
		453E1C95246ADB5B00D06B6E /* GFRepoItemVC.swift in Sources */ = {isa = PBXBuildFile; fileRef = 453E1C94246ADB5B00D06B6E /* GFRepoItemVC.swift */; };
		453E1C97246ADD4400D06B6E /* GFFollowerItemVC.swift in Sources */ = {isa = PBXBuildFile; fileRef = 453E1C96246ADD4400D06B6E /* GFFollowerItemVC.swift */; };
		453E1C9A246AE8AE00D06B6E /* Date+Ext.swift in Sources */ = {isa = PBXBuildFile; fileRef = 453E1C99246AE8AE00D06B6E /* Date+Ext.swift */; };
		453E1C9C246AE8BF00D06B6E /* String+Ext.swift in Sources */ = {isa = PBXBuildFile; fileRef = 453E1C9B246AE8BF00D06B6E /* String+Ext.swift */; };
		4582A61724695D89005D73B7 /* FollowerCell.swift in Sources */ = {isa = PBXBuildFile; fileRef = 4582A61624695D89005D73B7 /* FollowerCell.swift */; };
		4582A61924695E40005D73B7 /* GFAvatarImageView.swift in Sources */ = {isa = PBXBuildFile; fileRef = 4582A61824695E40005D73B7 /* GFAvatarImageView.swift */; };
		4582A61B24697E64005D73B7 /* UIHelper.swift in Sources */ = {isa = PBXBuildFile; fileRef = 4582A61A24697E64005D73B7 /* UIHelper.swift */; };
		4582A62324699D32005D73B7 /* GFEmptyStateView.swift in Sources */ = {isa = PBXBuildFile; fileRef = 4582A62224699D32005D73B7 /* GFEmptyStateView.swift */; };
		4582A6252469E36A005D73B7 /* UserInfoVC.swift in Sources */ = {isa = PBXBuildFile; fileRef = 4582A6242469E36A005D73B7 /* UserInfoVC.swift */; };
		4595B7852467E2B000B93DFE /* AppDelegate.swift in Sources */ = {isa = PBXBuildFile; fileRef = 4595B7842467E2B000B93DFE /* AppDelegate.swift */; };
		4595B7872467E2B000B93DFE /* SceneDelegate.swift in Sources */ = {isa = PBXBuildFile; fileRef = 4595B7862467E2B000B93DFE /* SceneDelegate.swift */; };
		4595B78E2467E2B400B93DFE /* Assets.xcassets in Resources */ = {isa = PBXBuildFile; fileRef = 4595B78D2467E2B400B93DFE /* Assets.xcassets */; };
		4595B7912467E2B400B93DFE /* LaunchScreen.storyboard in Resources */ = {isa = PBXBuildFile; fileRef = 4595B78F2467E2B400B93DFE /* LaunchScreen.storyboard */; };
		4595B7992467EAE700B93DFE /* SearchVC.swift in Sources */ = {isa = PBXBuildFile; fileRef = 4595B7982467EAE700B93DFE /* SearchVC.swift */; };
		4595B79B2467EB0A00B93DFE /* FavoritesListVC.swift in Sources */ = {isa = PBXBuildFile; fileRef = 4595B79A2467EB0A00B93DFE /* FavoritesListVC.swift */; };
		4595B79D2467F4BC00B93DFE /* GFButton.swift in Sources */ = {isa = PBXBuildFile; fileRef = 4595B79C2467F4BC00B93DFE /* GFButton.swift */; };
		4595B79F2467FABB00B93DFE /* GFTextField.swift in Sources */ = {isa = PBXBuildFile; fileRef = 4595B79E2467FABB00B93DFE /* GFTextField.swift */; };
		4595B7A124681A4000B93DFE /* FollowerListVC.swift in Sources */ = {isa = PBXBuildFile; fileRef = 4595B7A024681A4000B93DFE /* FollowerListVC.swift */; };
		4595B7A32468200F00B93DFE /* GFTitleLabel.swift in Sources */ = {isa = PBXBuildFile; fileRef = 4595B7A22468200F00B93DFE /* GFTitleLabel.swift */; };
		4595B7A52468216F00B93DFE /* GFBodyLabel.swift in Sources */ = {isa = PBXBuildFile; fileRef = 4595B7A42468216F00B93DFE /* GFBodyLabel.swift */; };
		4595B7A7246822B200B93DFE /* GFAlertVC.swift in Sources */ = {isa = PBXBuildFile; fileRef = 4595B7A6246822B200B93DFE /* GFAlertVC.swift */; };
		4595B7A924682A9800B93DFE /* UIViewController+Ext.swift in Sources */ = {isa = PBXBuildFile; fileRef = 4595B7A824682A9800B93DFE /* UIViewController+Ext.swift */; };
		4595B7B12468442F00B93DFE /* Follower.swift in Sources */ = {isa = PBXBuildFile; fileRef = 4595B7B02468442F00B93DFE /* Follower.swift */; };
		4595B7B3246844D000B93DFE /* User.swift in Sources */ = {isa = PBXBuildFile; fileRef = 4595B7B2246844D000B93DFE /* User.swift */; };
		45E8CAF924684D0A0042F491 /* NetworkManager.swift in Sources */ = {isa = PBXBuildFile; fileRef = 45E8CAF824684D0A0042F491 /* NetworkManager.swift */; };
/* End PBXBuildFile section */

/* Begin PBXFileReference section */
		453E1C86246AA3B900D06B6E /* GFError.swift */ = {isa = PBXFileReference; lastKnownFileType = sourcecode.swift; path = GFError.swift; sourceTree = "<group>"; };
		453E1C88246AAB8D00D06B6E /* GFUserInfoHeaderVC.swift */ = {isa = PBXFileReference; lastKnownFileType = sourcecode.swift; path = GFUserInfoHeaderVC.swift; sourceTree = "<group>"; };
		453E1C8A246AABF700D06B6E /* GFSecondaryTitleLabel.swift */ = {isa = PBXFileReference; lastKnownFileType = sourcecode.swift; path = GFSecondaryTitleLabel.swift; sourceTree = "<group>"; };
		453E1C8C246AC0A800D06B6E /* Constants.swift */ = {isa = PBXFileReference; lastKnownFileType = sourcecode.swift; path = Constants.swift; sourceTree = "<group>"; };
		453E1C90246ACE1C00D06B6E /* GFItemInfoView.swift */ = {isa = PBXFileReference; lastKnownFileType = sourcecode.swift; path = GFItemInfoView.swift; sourceTree = "<group>"; };
		453E1C92246AD7B600D06B6E /* GFItemInfoVC.swift */ = {isa = PBXFileReference; lastKnownFileType = sourcecode.swift; path = GFItemInfoVC.swift; sourceTree = "<group>"; };
		453E1C94246ADB5B00D06B6E /* GFRepoItemVC.swift */ = {isa = PBXFileReference; lastKnownFileType = sourcecode.swift; path = GFRepoItemVC.swift; sourceTree = "<group>"; };
		453E1C96246ADD4400D06B6E /* GFFollowerItemVC.swift */ = {isa = PBXFileReference; lastKnownFileType = sourcecode.swift; path = GFFollowerItemVC.swift; sourceTree = "<group>"; };
		453E1C99246AE8AE00D06B6E /* Date+Ext.swift */ = {isa = PBXFileReference; lastKnownFileType = sourcecode.swift; path = "Date+Ext.swift"; sourceTree = "<group>"; };
		453E1C9B246AE8BF00D06B6E /* String+Ext.swift */ = {isa = PBXFileReference; lastKnownFileType = sourcecode.swift; path = "String+Ext.swift"; sourceTree = "<group>"; };
		4582A61624695D89005D73B7 /* FollowerCell.swift */ = {isa = PBXFileReference; lastKnownFileType = sourcecode.swift; path = FollowerCell.swift; sourceTree = "<group>"; };
		4582A61824695E40005D73B7 /* GFAvatarImageView.swift */ = {isa = PBXFileReference; lastKnownFileType = sourcecode.swift; path = GFAvatarImageView.swift; sourceTree = "<group>"; };
		4582A61A24697E64005D73B7 /* UIHelper.swift */ = {isa = PBXFileReference; lastKnownFileType = sourcecode.swift; path = UIHelper.swift; sourceTree = "<group>"; };
		4582A62224699D32005D73B7 /* GFEmptyStateView.swift */ = {isa = PBXFileReference; lastKnownFileType = sourcecode.swift; path = GFEmptyStateView.swift; sourceTree = "<group>"; };
		4582A6242469E36A005D73B7 /* UserInfoVC.swift */ = {isa = PBXFileReference; lastKnownFileType = sourcecode.swift; path = UserInfoVC.swift; sourceTree = "<group>"; };
		4595B7812467E2B000B93DFE /* SeanAllenGHPractice.app */ = {isa = PBXFileReference; explicitFileType = wrapper.application; includeInIndex = 0; path = SeanAllenGHPractice.app; sourceTree = BUILT_PRODUCTS_DIR; };
		4595B7842467E2B000B93DFE /* AppDelegate.swift */ = {isa = PBXFileReference; lastKnownFileType = sourcecode.swift; path = AppDelegate.swift; sourceTree = "<group>"; };
		4595B7862467E2B000B93DFE /* SceneDelegate.swift */ = {isa = PBXFileReference; lastKnownFileType = sourcecode.swift; path = SceneDelegate.swift; sourceTree = "<group>"; };
		4595B78D2467E2B400B93DFE /* Assets.xcassets */ = {isa = PBXFileReference; lastKnownFileType = folder.assetcatalog; path = Assets.xcassets; sourceTree = "<group>"; };
		4595B7902467E2B400B93DFE /* Base */ = {isa = PBXFileReference; lastKnownFileType = file.storyboard; name = Base; path = Base.lproj/LaunchScreen.storyboard; sourceTree = "<group>"; };
		4595B7922467E2B400B93DFE /* Info.plist */ = {isa = PBXFileReference; lastKnownFileType = text.plist.xml; path = Info.plist; sourceTree = "<group>"; };
		4595B7982467EAE700B93DFE /* SearchVC.swift */ = {isa = PBXFileReference; lastKnownFileType = sourcecode.swift; path = SearchVC.swift; sourceTree = "<group>"; };
		4595B79A2467EB0A00B93DFE /* FavoritesListVC.swift */ = {isa = PBXFileReference; lastKnownFileType = sourcecode.swift; path = FavoritesListVC.swift; sourceTree = "<group>"; };
		4595B79C2467F4BC00B93DFE /* GFButton.swift */ = {isa = PBXFileReference; lastKnownFileType = sourcecode.swift; path = GFButton.swift; sourceTree = "<group>"; };
		4595B79E2467FABB00B93DFE /* GFTextField.swift */ = {isa = PBXFileReference; lastKnownFileType = sourcecode.swift; path = GFTextField.swift; sourceTree = "<group>"; };
		4595B7A024681A4000B93DFE /* FollowerListVC.swift */ = {isa = PBXFileReference; lastKnownFileType = sourcecode.swift; path = FollowerListVC.swift; sourceTree = "<group>"; };
		4595B7A22468200F00B93DFE /* GFTitleLabel.swift */ = {isa = PBXFileReference; lastKnownFileType = sourcecode.swift; path = GFTitleLabel.swift; sourceTree = "<group>"; };
		4595B7A42468216F00B93DFE /* GFBodyLabel.swift */ = {isa = PBXFileReference; lastKnownFileType = sourcecode.swift; path = GFBodyLabel.swift; sourceTree = "<group>"; };
		4595B7A6246822B200B93DFE /* GFAlertVC.swift */ = {isa = PBXFileReference; lastKnownFileType = sourcecode.swift; path = GFAlertVC.swift; sourceTree = "<group>"; };
		4595B7A824682A9800B93DFE /* UIViewController+Ext.swift */ = {isa = PBXFileReference; lastKnownFileType = sourcecode.swift; path = "UIViewController+Ext.swift"; sourceTree = "<group>"; };
		4595B7B02468442F00B93DFE /* Follower.swift */ = {isa = PBXFileReference; lastKnownFileType = sourcecode.swift; path = Follower.swift; sourceTree = "<group>"; };
		4595B7B2246844D000B93DFE /* User.swift */ = {isa = PBXFileReference; lastKnownFileType = sourcecode.swift; path = User.swift; sourceTree = "<group>"; };
		45E8CAF824684D0A0042F491 /* NetworkManager.swift */ = {isa = PBXFileReference; lastKnownFileType = sourcecode.swift; path = NetworkManager.swift; sourceTree = "<group>"; };
/* End PBXFileReference section */

/* Begin PBXFrameworksBuildPhase section */
		4595B77E2467E2B000B93DFE /* Frameworks */ = {
			isa = PBXFrameworksBuildPhase;
			buildActionMask = 2147483647;
			files = (
			);
			runOnlyForDeploymentPostprocessing = 0;
		};
/* End PBXFrameworksBuildPhase section */

/* Begin PBXGroup section */
		453E1C98246ADD9700D06B6E /* ItemInfoVC */ = {
			isa = PBXGroup;
			children = (
				453E1C92246AD7B600D06B6E /* GFItemInfoVC.swift */,
				453E1C94246ADB5B00D06B6E /* GFRepoItemVC.swift */,
				453E1C96246ADD4400D06B6E /* GFFollowerItemVC.swift */,
			);
			path = ItemInfoVC;
			sourceTree = "<group>";
		};
		4582A61224694237005D73B7 /* Utilities */ = {
			isa = PBXGroup;
			children = (
				4582A61A24697E64005D73B7 /* UIHelper.swift */,
				453E1C86246AA3B900D06B6E /* GFError.swift */,
				453E1C8C246AC0A800D06B6E /* Constants.swift */,
			);
			path = Utilities;
			sourceTree = "<group>";
		};
		4582A61524695D65005D73B7 /* Cells */ = {
			isa = PBXGroup;
			children = (
				4582A61624695D89005D73B7 /* FollowerCell.swift */,
			);
			path = Cells;
			sourceTree = "<group>";
		};
		4582A61C24699C84005D73B7 /* Views */ = {
			isa = PBXGroup;
			children = (
				4582A62224699D32005D73B7 /* GFEmptyStateView.swift */,
				453E1C90246ACE1C00D06B6E /* GFItemInfoView.swift */,
			);
			path = Views;
			sourceTree = "<group>";
		};
		4582A61D24699C8A005D73B7 /* Buttons */ = {
			isa = PBXGroup;
			children = (
				4595B79C2467F4BC00B93DFE /* GFButton.swift */,
			);
			path = Buttons;
			sourceTree = "<group>";
		};
		4582A61E24699C96005D73B7 /* TextFields */ = {
			isa = PBXGroup;
			children = (
				4595B79E2467FABB00B93DFE /* GFTextField.swift */,
			);
			path = TextFields;
			sourceTree = "<group>";
		};
		4582A61F24699CA6005D73B7 /* ImageViews */ = {
			isa = PBXGroup;
			children = (
				4582A61824695E40005D73B7 /* GFAvatarImageView.swift */,
			);
			path = ImageViews;
			sourceTree = "<group>";
		};
		4582A62124699CFB005D73B7 /* Labels */ = {
			isa = PBXGroup;
			children = (
				4595B7A22468200F00B93DFE /* GFTitleLabel.swift */,
				4595B7A42468216F00B93DFE /* GFBodyLabel.swift */,
				453E1C8A246AABF700D06B6E /* GFSecondaryTitleLabel.swift */,
			);
			path = Labels;
			sourceTree = "<group>";
		};
		4595B7782467E2B000B93DFE = {
			isa = PBXGroup;
			children = (
				4595B7832467E2B000B93DFE /* SeanAllenGHPractice */,
				4595B7822467E2B000B93DFE /* Products */,
			);
			sourceTree = "<group>";
		};
		4595B7822467E2B000B93DFE /* Products */ = {
			isa = PBXGroup;
			children = (
				4595B7812467E2B000B93DFE /* SeanAllenGHPractice.app */,
			);
			name = Products;
			sourceTree = "<group>";
		};
		4595B7832467E2B000B93DFE /* SeanAllenGHPractice */ = {
			isa = PBXGroup;
			children = (
				4582A61224694237005D73B7 /* Utilities */,
				45E8CAF724684CF60042F491 /* Manager */,
				4595B7AF2468441700B93DFE /* Model */,
				4595B7AE2468331800B93DFE /* Support */,
				4595B7AC246832D700B93DFE /* Extensions */,
				4595B7AB246832A600B93DFE /* Custom Views */,
				4595B7AA2468324F00B93DFE /* Screens */,
				4595B7922467E2B400B93DFE /* Info.plist */,
			);
			path = SeanAllenGHPractice;
			sourceTree = "<group>";
		};
		4595B7AA2468324F00B93DFE /* Screens */ = {
			isa = PBXGroup;
			children = (
				4595B7982467EAE700B93DFE /* SearchVC.swift */,
				4595B7A024681A4000B93DFE /* FollowerListVC.swift */,
				4595B79A2467EB0A00B93DFE /* FavoritesListVC.swift */,
				4582A6242469E36A005D73B7 /* UserInfoVC.swift */,
			);
			path = Screens;
			sourceTree = "<group>";
		};
		4595B7AB246832A600B93DFE /* Custom Views */ = {
			isa = PBXGroup;
			children = (
				4582A62124699CFB005D73B7 /* Labels */,
				4595B7AD2468330600B93DFE /* ViewControllers */,
				4582A61F24699CA6005D73B7 /* ImageViews */,
				4582A61E24699C96005D73B7 /* TextFields */,
				4582A61D24699C8A005D73B7 /* Buttons */,
				4582A61C24699C84005D73B7 /* Views */,
				4582A61524695D65005D73B7 /* Cells */,
			);
			path = "Custom Views";
			sourceTree = "<group>";
		};
		4595B7AC246832D700B93DFE /* Extensions */ = {
			isa = PBXGroup;
			children = (
				4595B7A824682A9800B93DFE /* UIViewController+Ext.swift */,
				453E1C99246AE8AE00D06B6E /* Date+Ext.swift */,
				453E1C9B246AE8BF00D06B6E /* String+Ext.swift */,
			);
			path = Extensions;
			sourceTree = "<group>";
		};
		4595B7AD2468330600B93DFE /* ViewControllers */ = {
			isa = PBXGroup;
			children = (
				4595B7A6246822B200B93DFE /* GFAlertVC.swift */,
				453E1C88246AAB8D00D06B6E /* GFUserInfoHeaderVC.swift */,
				453E1C98246ADD9700D06B6E /* ItemInfoVC */,
			);
			path = ViewControllers;
			sourceTree = "<group>";
		};
		4595B7AE2468331800B93DFE /* Support */ = {
			isa = PBXGroup;
			children = (
				4595B7842467E2B000B93DFE /* AppDelegate.swift */,
				4595B7862467E2B000B93DFE /* SceneDelegate.swift */,
				4595B78D2467E2B400B93DFE /* Assets.xcassets */,
				4595B78F2467E2B400B93DFE /* LaunchScreen.storyboard */,
			);
			path = Support;
			sourceTree = "<group>";
		};
		4595B7AF2468441700B93DFE /* Model */ = {
			isa = PBXGroup;
			children = (
				4595B7B02468442F00B93DFE /* Follower.swift */,
				4595B7B2246844D000B93DFE /* User.swift */,
			);
			path = Model;
			sourceTree = "<group>";
		};
		45E8CAF724684CF60042F491 /* Manager */ = {
			isa = PBXGroup;
			children = (
				45E8CAF824684D0A0042F491 /* NetworkManager.swift */,
			);
			path = Manager;
			sourceTree = "<group>";
		};
/* End PBXGroup section */

/* Begin PBXNativeTarget section */
		4595B7802467E2B000B93DFE /* SeanAllenGHPractice */ = {
			isa = PBXNativeTarget;
			buildConfigurationList = 4595B7952467E2B400B93DFE /* Build configuration list for PBXNativeTarget "SeanAllenGHPractice" */;
			buildPhases = (
				4595B77D2467E2B000B93DFE /* Sources */,
				4595B77E2467E2B000B93DFE /* Frameworks */,
				4595B77F2467E2B000B93DFE /* Resources */,
			);
			buildRules = (
			);
			dependencies = (
			);
			name = SeanAllenGHPractice;
			productName = SeanAllenGHPractice;
			productReference = 4595B7812467E2B000B93DFE /* SeanAllenGHPractice.app */;
			productType = "com.apple.product-type.application";
		};
/* End PBXNativeTarget section */

/* Begin PBXProject section */
		4595B7792467E2B000B93DFE /* Project object */ = {
			isa = PBXProject;
			attributes = {
				LastSwiftUpdateCheck = 1140;
				LastUpgradeCheck = 1140;
				ORGANIZATIONNAME = "Laurent B";
				TargetAttributes = {
					4595B7802467E2B000B93DFE = {
						CreatedOnToolsVersion = 11.4.1;
					};
				};
			};
			buildConfigurationList = 4595B77C2467E2B000B93DFE /* Build configuration list for PBXProject "SeanAllenGHPractice" */;
			compatibilityVersion = "Xcode 9.3";
			developmentRegion = en;
			hasScannedForEncodings = 0;
			knownRegions = (
				en,
				Base,
			);
			mainGroup = 4595B7782467E2B000B93DFE;
			productRefGroup = 4595B7822467E2B000B93DFE /* Products */;
			projectDirPath = "";
			projectRoot = "";
			targets = (
				4595B7802467E2B000B93DFE /* SeanAllenGHPractice */,
			);
		};
/* End PBXProject section */

/* Begin PBXResourcesBuildPhase section */
		4595B77F2467E2B000B93DFE /* Resources */ = {
			isa = PBXResourcesBuildPhase;
			buildActionMask = 2147483647;
			files = (
				4595B7912467E2B400B93DFE /* LaunchScreen.storyboard in Resources */,
				4595B78E2467E2B400B93DFE /* Assets.xcassets in Resources */,
			);
			runOnlyForDeploymentPostprocessing = 0;
		};
/* End PBXResourcesBuildPhase section */

/* Begin PBXSourcesBuildPhase section */
		4595B77D2467E2B000B93DFE /* Sources */ = {
			isa = PBXSourcesBuildPhase;
			buildActionMask = 2147483647;
			files = (
				4595B7B3246844D000B93DFE /* User.swift in Sources */,
				4595B7992467EAE700B93DFE /* SearchVC.swift in Sources */,
				4595B79D2467F4BC00B93DFE /* GFButton.swift in Sources */,
				453E1C9C246AE8BF00D06B6E /* String+Ext.swift in Sources */,
				4595B79B2467EB0A00B93DFE /* FavoritesListVC.swift in Sources */,
				4595B7A924682A9800B93DFE /* UIViewController+Ext.swift in Sources */,
				4582A61B24697E64005D73B7 /* UIHelper.swift in Sources */,
				453E1C93246AD7B600D06B6E /* GFItemInfoVC.swift in Sources */,
				453E1C8D246AC0A800D06B6E /* Constants.swift in Sources */,
				4582A61924695E40005D73B7 /* GFAvatarImageView.swift in Sources */,
				4595B7852467E2B000B93DFE /* AppDelegate.swift in Sources */,
				453E1C87246AA3B900D06B6E /* GFError.swift in Sources */,
				453E1C97246ADD4400D06B6E /* GFFollowerItemVC.swift in Sources */,
				453E1C91246ACE1C00D06B6E /* GFItemInfoView.swift in Sources */,
				4595B7A7246822B200B93DFE /* GFAlertVC.swift in Sources */,
				4582A61724695D89005D73B7 /* FollowerCell.swift in Sources */,
				453E1C89246AAB8D00D06B6E /* GFUserInfoHeaderVC.swift in Sources */,
				4595B7A52468216F00B93DFE /* GFBodyLabel.swift in Sources */,
				4595B7B12468442F00B93DFE /* Follower.swift in Sources */,
				4595B7A32468200F00B93DFE /* GFTitleLabel.swift in Sources */,
				453E1C9A246AE8AE00D06B6E /* Date+Ext.swift in Sources */,
				453E1C8B246AABF700D06B6E /* GFSecondaryTitleLabel.swift in Sources */,
				4582A62324699D32005D73B7 /* GFEmptyStateView.swift in Sources */,
				45E8CAF924684D0A0042F491 /* NetworkManager.swift in Sources */,
				4595B7A124681A4000B93DFE /* FollowerListVC.swift in Sources */,
				4595B7872467E2B000B93DFE /* SceneDelegate.swift in Sources */,
				4595B79F2467FABB00B93DFE /* GFTextField.swift in Sources */,
				453E1C95246ADB5B00D06B6E /* GFRepoItemVC.swift in Sources */,
				4582A6252469E36A005D73B7 /* UserInfoVC.swift in Sources */,
			);
			runOnlyForDeploymentPostprocessing = 0;
		};
/* End PBXSourcesBuildPhase section */

/* Begin PBXVariantGroup section */
		4595B78F2467E2B400B93DFE /* LaunchScreen.storyboard */ = {
			isa = PBXVariantGroup;
			children = (
				4595B7902467E2B400B93DFE /* Base */,
			);
			name = LaunchScreen.storyboard;
			sourceTree = "<group>";
		};
/* End PBXVariantGroup section */

/* Begin XCBuildConfiguration section */
		4595B7932467E2B400B93DFE /* Debug */ = {
			isa = XCBuildConfiguration;
			buildSettings = {
				ALWAYS_SEARCH_USER_PATHS = NO;
				CLANG_ANALYZER_NONNULL = YES;
				CLANG_ANALYZER_NUMBER_OBJECT_CONVERSION = YES_AGGRESSIVE;
				CLANG_CXX_LANGUAGE_STANDARD = "gnu++14";
				CLANG_CXX_LIBRARY = "libc++";
				CLANG_ENABLE_MODULES = YES;
				CLANG_ENABLE_OBJC_ARC = YES;
				CLANG_ENABLE_OBJC_WEAK = YES;
				CLANG_WARN_BLOCK_CAPTURE_AUTORELEASING = YES;
				CLANG_WARN_BOOL_CONVERSION = YES;
				CLANG_WARN_COMMA = YES;
				CLANG_WARN_CONSTANT_CONVERSION = YES;
				CLANG_WARN_DEPRECATED_OBJC_IMPLEMENTATIONS = YES;
				CLANG_WARN_DIRECT_OBJC_ISA_USAGE = YES_ERROR;
				CLANG_WARN_DOCUMENTATION_COMMENTS = YES;
				CLANG_WARN_EMPTY_BODY = YES;
				CLANG_WARN_ENUM_CONVERSION = YES;
				CLANG_WARN_INFINITE_RECURSION = YES;
				CLANG_WARN_INT_CONVERSION = YES;
				CLANG_WARN_NON_LITERAL_NULL_CONVERSION = YES;
				CLANG_WARN_OBJC_IMPLICIT_RETAIN_SELF = YES;
				CLANG_WARN_OBJC_LITERAL_CONVERSION = YES;
				CLANG_WARN_OBJC_ROOT_CLASS = YES_ERROR;
				CLANG_WARN_RANGE_LOOP_ANALYSIS = YES;
				CLANG_WARN_STRICT_PROTOTYPES = YES;
				CLANG_WARN_SUSPICIOUS_MOVE = YES;
				CLANG_WARN_UNGUARDED_AVAILABILITY = YES_AGGRESSIVE;
				CLANG_WARN_UNREACHABLE_CODE = YES;
				CLANG_WARN__DUPLICATE_METHOD_MATCH = YES;
				COPY_PHASE_STRIP = NO;
				DEBUG_INFORMATION_FORMAT = dwarf;
				ENABLE_STRICT_OBJC_MSGSEND = YES;
				ENABLE_TESTABILITY = YES;
				GCC_C_LANGUAGE_STANDARD = gnu11;
				GCC_DYNAMIC_NO_PIC = NO;
				GCC_NO_COMMON_BLOCKS = YES;
				GCC_OPTIMIZATION_LEVEL = 0;
				GCC_PREPROCESSOR_DEFINITIONS = (
					"DEBUG=1",
					"$(inherited)",
				);
				GCC_WARN_64_TO_32_BIT_CONVERSION = YES;
				GCC_WARN_ABOUT_RETURN_TYPE = YES_ERROR;
				GCC_WARN_UNDECLARED_SELECTOR = YES;
				GCC_WARN_UNINITIALIZED_AUTOS = YES_AGGRESSIVE;
				GCC_WARN_UNUSED_FUNCTION = YES;
				GCC_WARN_UNUSED_VARIABLE = YES;
				IPHONEOS_DEPLOYMENT_TARGET = 13.4;
				MTL_ENABLE_DEBUG_INFO = INCLUDE_SOURCE;
				MTL_FAST_MATH = YES;
				ONLY_ACTIVE_ARCH = YES;
				SDKROOT = iphoneos;
				SWIFT_ACTIVE_COMPILATION_CONDITIONS = DEBUG;
				SWIFT_OPTIMIZATION_LEVEL = "-Onone";
			};
			name = Debug;
		};
		4595B7942467E2B400B93DFE /* Release */ = {
			isa = XCBuildConfiguration;
			buildSettings = {
				ALWAYS_SEARCH_USER_PATHS = NO;
				CLANG_ANALYZER_NONNULL = YES;
				CLANG_ANALYZER_NUMBER_OBJECT_CONVERSION = YES_AGGRESSIVE;
				CLANG_CXX_LANGUAGE_STANDARD = "gnu++14";
				CLANG_CXX_LIBRARY = "libc++";
				CLANG_ENABLE_MODULES = YES;
				CLANG_ENABLE_OBJC_ARC = YES;
				CLANG_ENABLE_OBJC_WEAK = YES;
				CLANG_WARN_BLOCK_CAPTURE_AUTORELEASING = YES;
				CLANG_WARN_BOOL_CONVERSION = YES;
				CLANG_WARN_COMMA = YES;
				CLANG_WARN_CONSTANT_CONVERSION = YES;
				CLANG_WARN_DEPRECATED_OBJC_IMPLEMENTATIONS = YES;
				CLANG_WARN_DIRECT_OBJC_ISA_USAGE = YES_ERROR;
				CLANG_WARN_DOCUMENTATION_COMMENTS = YES;
				CLANG_WARN_EMPTY_BODY = YES;
				CLANG_WARN_ENUM_CONVERSION = YES;
				CLANG_WARN_INFINITE_RECURSION = YES;
				CLANG_WARN_INT_CONVERSION = YES;
				CLANG_WARN_NON_LITERAL_NULL_CONVERSION = YES;
				CLANG_WARN_OBJC_IMPLICIT_RETAIN_SELF = YES;
				CLANG_WARN_OBJC_LITERAL_CONVERSION = YES;
				CLANG_WARN_OBJC_ROOT_CLASS = YES_ERROR;
				CLANG_WARN_RANGE_LOOP_ANALYSIS = YES;
				CLANG_WARN_STRICT_PROTOTYPES = YES;
				CLANG_WARN_SUSPICIOUS_MOVE = YES;
				CLANG_WARN_UNGUARDED_AVAILABILITY = YES_AGGRESSIVE;
				CLANG_WARN_UNREACHABLE_CODE = YES;
				CLANG_WARN__DUPLICATE_METHOD_MATCH = YES;
				COPY_PHASE_STRIP = NO;
				DEBUG_INFORMATION_FORMAT = "dwarf-with-dsym";
				ENABLE_NS_ASSERTIONS = NO;
				ENABLE_STRICT_OBJC_MSGSEND = YES;
				GCC_C_LANGUAGE_STANDARD = gnu11;
				GCC_NO_COMMON_BLOCKS = YES;
				GCC_WARN_64_TO_32_BIT_CONVERSION = YES;
				GCC_WARN_ABOUT_RETURN_TYPE = YES_ERROR;
				GCC_WARN_UNDECLARED_SELECTOR = YES;
				GCC_WARN_UNINITIALIZED_AUTOS = YES_AGGRESSIVE;
				GCC_WARN_UNUSED_FUNCTION = YES;
				GCC_WARN_UNUSED_VARIABLE = YES;
				IPHONEOS_DEPLOYMENT_TARGET = 13.4;
				MTL_ENABLE_DEBUG_INFO = NO;
				MTL_FAST_MATH = YES;
				SDKROOT = iphoneos;
				SWIFT_COMPILATION_MODE = wholemodule;
				SWIFT_OPTIMIZATION_LEVEL = "-O";
				VALIDATE_PRODUCT = YES;
			};
			name = Release;
		};
		4595B7962467E2B400B93DFE /* Debug */ = {
			isa = XCBuildConfiguration;
			buildSettings = {
				ASSETCATALOG_COMPILER_APPICON_NAME = AppIcon;
				CODE_SIGN_STYLE = Automatic;
				DEVELOPMENT_TEAM = GGXD5E6AF8;
				INFOPLIST_FILE = SeanAllenGHPractice/Info.plist;
				LD_RUNPATH_SEARCH_PATHS = (
					"$(inherited)",
					"@executable_path/Frameworks",
				);
				PRODUCT_BUNDLE_IDENTIFIER = com.laurentb.SeanAllenGHPractice;
				PRODUCT_NAME = "$(TARGET_NAME)";
				SWIFT_VERSION = 5.0;
				TARGETED_DEVICE_FAMILY = "1,2";
			};
			name = Debug;
		};
		4595B7972467E2B400B93DFE /* Release */ = {
			isa = XCBuildConfiguration;
			buildSettings = {
				ASSETCATALOG_COMPILER_APPICON_NAME = AppIcon;
				CODE_SIGN_STYLE = Automatic;
				DEVELOPMENT_TEAM = GGXD5E6AF8;
				INFOPLIST_FILE = SeanAllenGHPractice/Info.plist;
				LD_RUNPATH_SEARCH_PATHS = (
					"$(inherited)",
					"@executable_path/Frameworks",
				);
				PRODUCT_BUNDLE_IDENTIFIER = com.laurentb.SeanAllenGHPractice;
				PRODUCT_NAME = "$(TARGET_NAME)";
				SWIFT_VERSION = 5.0;
				TARGETED_DEVICE_FAMILY = "1,2";
			};
			name = Release;
		};
/* End XCBuildConfiguration section */

/* Begin XCConfigurationList section */
		4595B77C2467E2B000B93DFE /* Build configuration list for PBXProject "SeanAllenGHPractice" */ = {
			isa = XCConfigurationList;
			buildConfigurations = (
				4595B7932467E2B400B93DFE /* Debug */,
				4595B7942467E2B400B93DFE /* Release */,
			);
			defaultConfigurationIsVisible = 0;
			defaultConfigurationName = Release;
		};
		4595B7952467E2B400B93DFE /* Build configuration list for PBXNativeTarget "SeanAllenGHPractice" */ = {
			isa = XCConfigurationList;
			buildConfigurations = (
				4595B7962467E2B400B93DFE /* Debug */,
				4595B7972467E2B400B93DFE /* Release */,
			);
			defaultConfigurationIsVisible = 0;
			defaultConfigurationName = Release;
		};
/* End XCConfigurationList section */
	};
	rootObject = 4595B7792467E2B000B93DFE /* Project object */;
}
